
Microsoft Visual Studio Solution File, Format Version 12.00
# Visual Studio 15
VisualStudioVersion = 15.0.28307.489
MinimumVisualStudioVersion = 10.0.40219.1
Project("{FAE04EC0-301F-11D3-BF4B-00C04F79EFBC}") = "DBLayer", "DBLayer\DBLayer.csproj", "{FB952439-B802-40B8-843B-1837BDC2E1BE}"
EndProject
Project("{FAE04EC0-301F-11D3-BF4B-00C04F79EFBC}") = "UserRoleConsoleApp", "UserRoleConsoleApp\UserRoleConsoleApp.csproj", "{343CEED7-2D8E-4504-BBF4-7846CC84C63C}"
EndProject
Global
	GlobalSection(SolutionConfigurationPlatforms) = preSolution
		Debug|Any CPU = Debug|Any CPU
		Release|Any CPU = Release|Any CPU
	EndGlobalSection
	GlobalSection(ProjectConfigurationPlatforms) = postSolution
		{FB952439-B802-40B8-843B-1837BDC2E1BE}.Debug|Any CPU.ActiveCfg = Debug|Any CPU
		{FB952439-B802-40B8-843B-1837BDC2E1BE}.Debug|Any CPU.Build.0 = Debug|Any CPU
		{FB952439-B802-40B8-843B-1837BDC2E1BE}.Release|Any CPU.ActiveCfg = Release|Any CPU
		{FB952439-B802-40B8-843B-1837BDC2E1BE}.Release|Any CPU.Build.0 = Release|Any CPU
		{343CEED7-2D8E-4504-BBF4-7846CC84C63C}.Debug|Any CPU.ActiveCfg = Debug|Any CPU
		{343CEED7-2D8E-4504-BBF4-7846CC84C63C}.Debug|Any CPU.Build.0 = Debug|Any CPU
		{343CEED7-2D8E-4504-BBF4-7846CC84C63C}.Release|Any CPU.ActiveCfg = Release|Any CPU
		{343CEED7-2D8E-4504-BBF4-7846CC84C63C}.Release|Any CPU.Build.0 = Release|Any CPU
	EndGlobalSection
	GlobalSection(SolutionProperties) = preSolution
		HideSolutionNode = FALSE
	EndGlobalSection
	GlobalSection(ExtensibilityGlobals) = postSolution
		SolutionGuid = {0439F622-F3F5-4BC5-BDD9-C1001CB91C95}
	EndGlobalSection
EndGlobal
